// !$*UTF8*$!
{
	archiveVersion = 1;
	classes = {
	};
	objectVersion = 60;
	objects = {

/* Begin PBXBuildFile section */
		A1 /* Assets.xcassets in Resources */ = {isa = PBXBuildFile; fileRef = B1 /* Assets.xcassets */; };
		A2 /* MacEnvSwitcherApp.swift in Sources */ = {isa = PBXBuildFile; fileRef = B2 /* MacEnvSwitcherApp.swift */; };
		A3 /* ContentView.swift in Sources */ = {isa = PBXBuildFile; fileRef = B3 /* ContentView.swift */; };
		A4 /* TaskModel.swift in Sources */ = {isa = PBXBuildFile; fileRef = B4 /* TaskModel.swift */; };
		A5 /* Shell.swift in Sources */ = {isa = PBXBuildFile; fileRef = B5 /* Shell.swift */; };
		A6 /* Detectors.swift in Sources */ = {isa = PBXBuildFile; fileRef = B6 /* Detectors.swift */; };
		A7 /* Installers.swift in Sources */ = {isa = PBXBuildFile; fileRef = B7 /* Installers.swift */; };
		A8 /* Report.swift in Sources */ = {isa = PBXBuildFile; fileRef = B8 /* Report.swift */; };
		A9 /* Localizable.strings in Resources */ = {isa = PBXBuildFile; fileRef = L0 /* Localizable.strings */; };
		AA /* Profiles.swift in Sources */ = {isa = PBXBuildFile; fileRef = B9 /* Profiles.swift */; };
		AB /* ProfileEditorView.swift in Sources */ = {isa = PBXBuildFile; fileRef = BA /* ProfileEditorView.swift */; };
		AC /* EnvironmentManagerView.swift in Sources */ = {isa = PBXBuildFile; fileRef = BB /* EnvironmentManagerView.swift */; };
		AD /* EnvironmentEditorView.swift in Sources */ = {isa = PBXBuildFile; fileRef = BC /* EnvironmentEditorView.swift */; };
		AE /* LanguageManager.swift in Sources */ = {isa = PBXBuildFile; fileRef = BD /* LanguageManager.swift */; };
		AF /* VersionManager.swift in Sources */ = {isa = PBXBuildFile; fileRef = BE /* VersionManager.swift */; };
		AG /* SetupWizardView.swift in Sources */ = {isa = PBXBuildFile; fileRef = BF /* SetupWizardView.swift */; };
		AH /* LanguageManagementView.swift in Sources */ = {isa = PBXBuildFile; fileRef = C2 /* LanguageManagementView.swift */; };
		AI /* softConfig.swift in Sources */ = {isa = PBXBuildFile; fileRef = BG /* softConfig.swift */; };
		AJ /* ToolVersionsManager.swift in Sources */ = {isa = PBXBuildFile; fileRef = BH /* ToolVersionsManager.swift */; };
		AK /* ShellConfigManager.swift in Sources */ = {isa = PBXBuildFile; fileRef = BI /* ShellConfigManager.swift */; };
		AL /* LanguageDetector.swift in Sources */ = {isa = PBXBuildFile; fileRef = BJ /* LanguageDetector.swift */; };
/* End PBXBuildFile section */

/* Begin PBXFileReference section */
		B1 /* Assets.xcassets */ = {isa = PBXFileReference; lastKnownFileType = folder.assetcatalog; path = Assets.xcassets; sourceTree = "<group>"; };
		B2 /* MacEnvSwitcherApp.swift */ = {isa = PBXFileReference; lastKnownFileType = sourcecode.swift; path = MacEnvSwitcherApp.swift; sourceTree = "<group>"; };
		B3 /* ContentView.swift */ = {isa = PBXFileReference; lastKnownFileType = sourcecode.swift; path = ContentView.swift; sourceTree = "<group>"; };
		B4 /* TaskModel.swift */ = {isa = PBXFileReference; lastKnownFileType = sourcecode.swift; path = TaskModel.swift; sourceTree = "<group>"; };
		B5 /* Shell.swift */ = {isa = PBXFileReference; lastKnownFileType = sourcecode.swift; path = Shell.swift; sourceTree = "<group>"; };
		B6 /* Detectors.swift */ = {isa = PBXFileReference; lastKnownFileType = sourcecode.swift; path = Detectors.swift; sourceTree = "<group>"; };
		B7 /* Installers.swift */ = {isa = PBXFileReference; lastKnownFileType = sourcecode.swift; path = Installers.swift; sourceTree = "<group>"; };
		B8 /* Report.swift */ = {isa = PBXFileReference; lastKnownFileType = sourcecode.swift; path = Report.swift; sourceTree = "<group>"; };
		B9 /* Profiles.swift */ = {isa = PBXFileReference; lastKnownFileType = sourcecode.swift; path = Profiles.swift; sourceTree = "<group>"; };
		BA /* ProfileEditorView.swift */ = {isa = PBXFileReference; lastKnownFileType = sourcecode.swift; path = ProfileEditorView.swift; sourceTree = "<group>"; };
		BB /* EnvironmentManagerView.swift */ = {isa = PBXFileReference; lastKnownFileType = sourcecode.swift; path = EnvironmentManagerView.swift; sourceTree = "<group>"; };
		BC /* EnvironmentEditorView.swift */ = {isa = PBXFileReference; lastKnownFileType = sourcecode.swift; path = EnvironmentEditorView.swift; sourceTree = "<group>"; };
		BD /* LanguageManager.swift */ = {isa = PBXFileReference; lastKnownFileType = sourcecode.swift; path = LanguageManager.swift; sourceTree = "<group>"; };
		BE /* VersionManager.swift */ = {isa = PBXFileReference; lastKnownFileType = sourcecode.swift; path = VersionManager.swift; sourceTree = "<group>"; };
		BF /* SetupWizardView.swift */ = {isa = PBXFileReference; lastKnownFileType = sourcecode.swift; path = SetupWizardView.swift; sourceTree = "<group>"; };
		BG /* softConfig.swift */ = {isa = PBXFileReference; lastKnownFileType = sourcecode.swift; path = softConfig.swift; sourceTree = "<group>"; };
		BH /* ToolVersionsManager.swift */ = {isa = PBXFileReference; lastKnownFileType = sourcecode.swift; path = ToolVersionsManager.swift; sourceTree = "<group>"; };
		BI /* ShellConfigManager.swift */ = {isa = PBXFileReference; lastKnownFileType = sourcecode.swift; path = ShellConfigManager.swift; sourceTree = "<group>"; };
		BJ /* LanguageDetector.swift */ = {isa = PBXFileReference; lastKnownFileType = sourcecode.swift; path = LanguageDetector.swift; sourceTree = "<group>"; };
		BL /* Info.plist */ = {isa = PBXFileReference; lastKnownFileType = text.plist.xml; path = Info.plist; sourceTree = "<group>"; };
		C2 /* LanguageManagementView.swift */ = {isa = PBXFileReference; lastKnownFileType = sourcecode.swift; path = LanguageManagementView.swift; sourceTree = "<group>"; };
		L1 /* en */ = {isa = PBXFileReference; lastKnownFileType = text.plist.strings; name = en; path = en.lproj/Localizable.strings; sourceTree = "<group>"; };
		L2 /* zh-Hans */ = {isa = PBXFileReference; lastKnownFileType = text.plist.strings; name = "zh-Hans"; path = "zh-Hans.lproj/Localizable.strings"; sourceTree = "<group>"; };
		L3 /* ja */ = {isa = PBXFileReference; lastKnownFileType = text.plist.strings; name = ja; path = ja.lproj/Localizable.strings; sourceTree = "<group>"; };
		P0 /* MacEnvSwitcher.app */ = {isa = PBXFileReference; explicitFileType = wrapper.application; path = MacEnvSwitcher.app; sourceTree = BUILT_PRODUCTS_DIR; };
/* End PBXFileReference section */

/* Begin PBXFrameworksBuildPhase section */
		F0 /* Frameworks */ = {
			isa = PBXFrameworksBuildPhase;
			buildActionMask = 2147483647;
			files = (
			);
			runOnlyForDeploymentPostprocessing = 0;
		};
/* End PBXFrameworksBuildPhase section */

/* Begin PBXGroup section */
		G0 = {
			isa = PBXGroup;
			children = (
				G1 /* MacEnvSwitcher */,
				G2 /* Products */,
			);
			sourceTree = "<group>";
		};
		G1 /* MacEnvSwitcher */ = {
			isa = PBXGroup;
			children = (
				B2 /* MacEnvSwitcherApp.swift */,
				B3 /* ContentView.swift */,
				BF /* SetupWizardView.swift */,
				C2 /* LanguageManagementView.swift */,
				BG /* softConfig.swift */,
				BH /* ToolVersionsManager.swift */,
				BI /* ShellConfigManager.swift */,
				BJ /* LanguageDetector.swift */,
				B4 /* TaskModel.swift */,
				B5 /* Shell.swift */,
				B6 /* Detectors.swift */,
				B7 /* Installers.swift */,
				B9 /* Profiles.swift */,
				BA /* ProfileEditorView.swift */,
				BB /* EnvironmentManagerView.swift */,
				BC /* EnvironmentEditorView.swift */,
				BD /* LanguageManager.swift */,
				BE /* VersionManager.swift */,
				BG /* softConfig.swift */,
				B8 /* Report.swift */,
				B1 /* Assets.xcassets */,
				LG /* Localizations */,
				BL /* Info.plist */,
			);
			path = MacEnvSwitcher;
			sourceTree = "<group>";
		};
		G2 /* Products */ = {
			isa = PBXGroup;
			children = (
				P0 /* MacEnvSwitcher.app */,
			);
			name = Products;
			sourceTree = "<group>";
		};
		LG /* Localizations */ = {
			isa = PBXGroup;
			children = (
				L0 /* Localizable.strings */,
			);
			name = Localizations;
			sourceTree = "<group>";
		};
/* End PBXGroup section */

/* Begin PBXNativeTarget section */
		T0 /* MacEnvSwitcher */ = {
			isa = PBXNativeTarget;
			buildConfigurationList = C1 /* Build configuration list for PBXNativeTarget "MacEnvSwitcher" */;
			buildPhases = (
				S0 /* Sources */,
				R0 /* Resources */,
				F0 /* Frameworks */,
			);
			buildRules = (
			);
			dependencies = (
			);
			name = MacEnvSwitcher;
			productName = MacEnvSwitcher;
			productReference = P0 /* MacEnvSwitcher.app */;
			productType = "com.apple.product-type.application";
		};
/* End PBXNativeTarget section */

/* Begin PBXProject section */
		PRJ /* Project object */ = {
			isa = PBXProject;
			attributes = {
				BuildIndependentTargetsInParallel = YES;
				LastUpgradeCheck = 1500;
			};
			buildConfigurationList = C0 /* Build configuration list for PBXProject "MacEnvSwitcher" */;
			compatibilityVersion = "Xcode 15.0";
			developmentRegion = en;
			hasScannedForEncodings = 0;
			knownRegions = (
				en,
				"zh-Hans",
				ja,
				Base,
			);
			mainGroup = G0;
			productRefGroup = G2 /* Products */;
			projectDirPath = "";
			projectRoot = "";
			targets = (
				T0 /* MacEnvSwitcher */,
			);
		};
/* End PBXProject section */

/* Begin PBXResourcesBuildPhase section */
		R0 /* Resources */ = {
			isa = PBXResourcesBuildPhase;
			buildActionMask = 2147483647;
			files = (
				A1 /* Assets.xcassets in Resources */,
				A9 /* Localizable.strings in Resources */,
			);
			runOnlyForDeploymentPostprocessing = 0;
		};
/* End PBXResourcesBuildPhase section */

/* Begin PBXSourcesBuildPhase section */
		S0 /* Sources */ = {
			isa = PBXSourcesBuildPhase;
			buildActionMask = 2147483647;
			files = (
				A2 /* MacEnvSwitcherApp.swift in Sources */,
				A3 /* ContentView.swift in Sources */,
				AG /* SetupWizardView.swift in Sources */,
				AH /* LanguageManagementView.swift in Sources */,
				AI /* softConfig.swift in Sources */,
				AJ /* ToolVersionsManager.swift in Sources */,
				AK /* ShellConfigManager.swift in Sources */,
				AL /* LanguageDetector.swift in Sources */,
				A4 /* TaskModel.swift in Sources */,
				A5 /* Shell.swift in Sources */,
				A6 /* Detectors.swift in Sources */,
				A7 /* Installers.swift in Sources */,
				A8 /* Report.swift in Sources */,
				AA /* Profiles.swift in Sources */,
				AB /* ProfileEditorView.swift in Sources */,
				AC /* EnvironmentManagerView.swift in Sources */,
				AD /* EnvironmentEditorView.swift in Sources */,
				AE /* LanguageManager.swift in Sources */,
				AF /* VersionManager.swift in Sources */,
				AI /* softConfig.swift in Sources */,
			);
			runOnlyForDeploymentPostprocessing = 0;
		};
/* End PBXSourcesBuildPhase section */

/* Begin PBXVariantGroup section */
		L0 /* Localizable.strings */ = {
			isa = PBXVariantGroup;
			children = (
				L1 /* en */,
				L2 /* zh-Hans */,
				L3 /* ja */,
			);
			name = Localizable.strings;
			sourceTree = "<group>";
		};
/* End PBXVariantGroup section */

/* Begin XCBuildConfiguration section */
		D0 /* Debug */ = {
			isa = XCBuildConfiguration;
			buildSettings = {
				CLANG_ENABLE_MODULES = YES;
				CURRENT_PROJECT_VERSION = 4;
				GENERATE_INFOPLIST_FILE = NO;
				MACOSX_DEPLOYMENT_TARGET = 12.0;
				PRODUCT_NAME = "$(TARGET_NAME)";
				SWIFT_VERSION = 5.0;
			};
			name = Debug;
		};
		D1 /* Release */ = {
			isa = XCBuildConfiguration;
			buildSettings = {
				CLANG_ENABLE_MODULES = YES;
				CURRENT_PROJECT_VERSION = 4;
				GENERATE_INFOPLIST_FILE = NO;
				MACOSX_DEPLOYMENT_TARGET = 12.0;
				PRODUCT_NAME = "$(TARGET_NAME)";
				SWIFT_VERSION = 5.0;
			};
			name = Release;
		};
		D2 /* Debug */ = {
			isa = XCBuildConfiguration;
			buildSettings = {
				ASSETCATALOG_COMPILER_APPICON_NAME = AppIcon;
				"CODE_SIGN_IDENTITY[sdk=macosx*]" = "-";
				CODE_SIGN_STYLE = Automatic;
				COMBINE_HIDPI_IMAGES = YES;
				DEVELOPMENT_TEAM = X855Y85A4V;
				INFOPLIST_FILE = MacEnvSwitcher/Info.plist;
				INFOPLIST_KEY_LSApplicationCategoryType = "public.app-category.developer-tools";
				LD_RUNPATH_SEARCH_PATHS = (
					"$(inherited)",
					"@executable_path/../Frameworks",
				);
				MACOSX_DEPLOYMENT_TARGET = 12.4;
				PRODUCT_BUNDLE_IDENTIFIER = com.example.MacEnvSwitcher;
				PRODUCT_NAME = "$(TARGET_NAME)";
				SDKROOT = macosx;
				SUPPORTS_MACCATALYST = NO;
				SWIFT_EMIT_LOC_STRINGS = YES;
				SWIFT_VERSION = 5.0;
				TARGETED_DEVICE_FAMILY = 1;
			};
			name = Debug;
		};
		D3 /* Release */ = {
			isa = XCBuildConfiguration;
			buildSettings = {
				ASSETCATALOG_COMPILER_APPICON_NAME = AppIcon;
				"CODE_SIGN_IDENTITY[sdk=macosx*]" = "-";
				CODE_SIGN_STYLE = Automatic;
				COMBINE_HIDPI_IMAGES = YES;
				DEVELOPMENT_TEAM = X855Y85A4V;
				INFOPLIST_FILE = MacEnvSwitcher/Info.plist;
				INFOPLIST_KEY_LSApplicationCategoryType = "public.app-category.developer-tools";
				LD_RUNPATH_SEARCH_PATHS = (
					"$(inherited)",
					"@executable_path/../Frameworks",
				);
				MACOSX_DEPLOYMENT_TARGET = 12.4;
				PRODUCT_BUNDLE_IDENTIFIER = com.example.MacEnvSwitcher;
				PRODUCT_NAME = "$(TARGET_NAME)";
				SDKROOT = macosx;
				SUPPORTS_MACCATALYST = NO;
				SWIFT_EMIT_LOC_STRINGS = YES;
				SWIFT_VERSION = 5.0;
				TARGETED_DEVICE_FAMILY = 1;
			};
			name = Release;
		};
/* End XCBuildConfiguration section */

/* Begin XCConfigurationList section */
		C0 /* Build configuration list for PBXProject "MacEnvSwitcher" */ = {
			isa = XCConfigurationList;
			buildConfigurations = (
				D0 /* Debug */,
				D1 /* Release */,
			);
			defaultConfigurationIsVisible = 0;
			defaultConfigurationName = Release;
		};
		C1 /* Build configuration list for PBXNativeTarget "MacEnvSwitcher" */ = {
			isa = XCConfigurationList;
			buildConfigurations = (
				D2 /* Debug */,
				D3 /* Release */,
			);
			defaultConfigurationIsVisible = 0;
			defaultConfigurationName = Release;
		};
/* End XCConfigurationList section */
	};
	rootObject = PRJ /* Project object */;
}
